// !$*UTF8*$!
{
	archiveVersion = 1;
	classes = {
	};
	objectVersion = 55;
	objects = {

/* Begin PBXBuildFile section */
		235DE9EA286F30CD006709F3 /* lowpoly-house.obj in Resources */ = {isa = PBXBuildFile; fileRef = 235DE9E9286F30CD006709F3 /* lowpoly-house.obj */; };
		235DE9EE286F30F8006709F3 /* lowpoly-house.mtl in Resources */ = {isa = PBXBuildFile; fileRef = 235DE9ED286F30F8006709F3 /* lowpoly-house.mtl */; };
		235DE9F1286F3B91006709F3 /* TextureController.swift in Sources */ = {isa = PBXBuildFile; fileRef = 235DE9F0286F3B91006709F3 /* TextureController.swift */; };
		235DE9F3286F49E0006709F3 /* plane.obj in Resources */ = {isa = PBXBuildFile; fileRef = 235DE9F2286F49E0006709F3 /* plane.obj */; };
		235DE9F7286F49F9006709F3 /* plane.mtl in Resources */ = {isa = PBXBuildFile; fileRef = 235DE9F6286F49F9006709F3 /* plane.mtl */; };
		235DE9F9286F5372006709F3 /* Textures.xcassets in Resources */ = {isa = PBXBuildFile; fileRef = 235DE9F8286F5372006709F3 /* Textures.xcassets */; };
		235DE9FB286F588A006709F3 /* GameScene.swift in Sources */ = {isa = PBXBuildFile; fileRef = 235DE9FA286F588A006709F3 /* GameScene.swift */; };
		235DE9FD286F5BC5006709F3 /* Camera.swift in Sources */ = {isa = PBXBuildFile; fileRef = 235DE9FC286F5BC5006709F3 /* Camera.swift */; };
		2BF6A244286EC3DA0091B9D8 /* TinyMetalEngineApp.swift in Sources */ = {isa = PBXBuildFile; fileRef = 2BF6A243286EC3DA0091B9D8 /* TinyMetalEngineApp.swift */; };
		2BF6A246286EC3DA0091B9D8 /* ContentView.swift in Sources */ = {isa = PBXBuildFile; fileRef = 2BF6A245286EC3DA0091B9D8 /* ContentView.swift */; };
		2BF6A248286EC3DD0091B9D8 /* Assets.xcassets in Resources */ = {isa = PBXBuildFile; fileRef = 2BF6A247286EC3DD0091B9D8 /* Assets.xcassets */; };
		2BF6A24B286EC3DD0091B9D8 /* Preview Assets.xcassets in Resources */ = {isa = PBXBuildFile; fileRef = 2BF6A24A286EC3DD0091B9D8 /* Preview Assets.xcassets */; };
		2BF6A25A286EC4D40091B9D8 /* MetalView.swift in Sources */ = {isa = PBXBuildFile; fileRef = 2BF6A259286EC4D40091B9D8 /* MetalView.swift */; };
		2BF6A25C286EC5040091B9D8 /* Options.swift in Sources */ = {isa = PBXBuildFile; fileRef = 2BF6A25B286EC5040091B9D8 /* Options.swift */; };
		2BF6A25E286EC5460091B9D8 /* Renderer.swift in Sources */ = {isa = PBXBuildFile; fileRef = 2BF6A25D286EC5460091B9D8 /* Renderer.swift */; };
		2BF6A260286EC56A0091B9D8 /* Model.swift in Sources */ = {isa = PBXBuildFile; fileRef = 2BF6A25F286EC56A0091B9D8 /* Model.swift */; };
		2BF6A262286EC5880091B9D8 /* Transform.swift in Sources */ = {isa = PBXBuildFile; fileRef = 2BF6A261286EC5880091B9D8 /* Transform.swift */; };
		2BF6A264286EC5B00091B9D8 /* VertexDescriptor.swift in Sources */ = {isa = PBXBuildFile; fileRef = 2BF6A263286EC5B00091B9D8 /* VertexDescriptor.swift */; };
		2BF6A267286EC6990091B9D8 /* MathLibrary.swift in Sources */ = {isa = PBXBuildFile; fileRef = 2BF6A266286EC6990091B9D8 /* MathLibrary.swift */; };
		2BF6A26A286EC6C60091B9D8 /* Vertex.metal in Sources */ = {isa = PBXBuildFile; fileRef = 2BF6A269286EC6C60091B9D8 /* Vertex.metal */; };
		2BF6A26C286EC6D10091B9D8 /* Fragment.metal in Sources */ = {isa = PBXBuildFile; fileRef = 2BF6A26B286EC6D10091B9D8 /* Fragment.metal */; };
		2BF6A270286EC7A90091B9D8 /* train.usd in Resources */ = {isa = PBXBuildFile; fileRef = 2BF6A26F286EC7A90091B9D8 /* train.usd */; };
		2BF6A288286F0A7F0091B9D8 /* Mesh.swift in Sources */ = {isa = PBXBuildFile; fileRef = 2BF6A287286F0A7F0091B9D8 /* Mesh.swift */; };
		2BF6A28A286F0A8F0091B9D8 /* Submesh.swift in Sources */ = {isa = PBXBuildFile; fileRef = 2BF6A289286F0A8F0091B9D8 /* Submesh.swift */; };
/* End PBXBuildFile section */

/* Begin PBXFileReference section */
		235DE9E9286F30CD006709F3 /* lowpoly-house.obj */ = {isa = PBXFileReference; fileEncoding = 4; lastKnownFileType = text; path = "lowpoly-house.obj"; sourceTree = "<group>"; };
		235DE9ED286F30F8006709F3 /* lowpoly-house.mtl */ = {isa = PBXFileReference; fileEncoding = 4; lastKnownFileType = text; path = "lowpoly-house.mtl"; sourceTree = "<group>"; };
		235DE9F0286F3B91006709F3 /* TextureController.swift */ = {isa = PBXFileReference; lastKnownFileType = sourcecode.swift; path = TextureController.swift; sourceTree = "<group>"; };
		235DE9F2286F49E0006709F3 /* plane.obj */ = {isa = PBXFileReference; fileEncoding = 4; lastKnownFileType = text; path = plane.obj; sourceTree = "<group>"; };
		235DE9F6286F49F9006709F3 /* plane.mtl */ = {isa = PBXFileReference; fileEncoding = 4; lastKnownFileType = text; path = plane.mtl; sourceTree = "<group>"; };
		235DE9F8286F5372006709F3 /* Textures.xcassets */ = {isa = PBXFileReference; lastKnownFileType = folder.assetcatalog; path = Textures.xcassets; sourceTree = "<group>"; };
		235DE9FA286F588A006709F3 /* GameScene.swift */ = {isa = PBXFileReference; lastKnownFileType = sourcecode.swift; path = GameScene.swift; sourceTree = "<group>"; };
		235DE9FC286F5BC5006709F3 /* Camera.swift */ = {isa = PBXFileReference; lastKnownFileType = sourcecode.swift; path = Camera.swift; sourceTree = "<group>"; };
		2BF6A240286EC3DA0091B9D8 /* TinyMetalEngine.app */ = {isa = PBXFileReference; explicitFileType = wrapper.application; includeInIndex = 0; path = TinyMetalEngine.app; sourceTree = BUILT_PRODUCTS_DIR; };
		2BF6A243286EC3DA0091B9D8 /* TinyMetalEngineApp.swift */ = {isa = PBXFileReference; lastKnownFileType = sourcecode.swift; path = TinyMetalEngineApp.swift; sourceTree = "<group>"; };
		2BF6A245286EC3DA0091B9D8 /* ContentView.swift */ = {isa = PBXFileReference; lastKnownFileType = sourcecode.swift; path = ContentView.swift; sourceTree = "<group>"; };
		2BF6A247286EC3DD0091B9D8 /* Assets.xcassets */ = {isa = PBXFileReference; lastKnownFileType = folder.assetcatalog; path = Assets.xcassets; sourceTree = "<group>"; };
		2BF6A24A286EC3DD0091B9D8 /* Preview Assets.xcassets */ = {isa = PBXFileReference; lastKnownFileType = folder.assetcatalog; path = "Preview Assets.xcassets"; sourceTree = "<group>"; };
		2BF6A24C286EC3DD0091B9D8 /* TinyMetalEngine.entitlements */ = {isa = PBXFileReference; lastKnownFileType = text.plist.entitlements; path = TinyMetalEngine.entitlements; sourceTree = "<group>"; };
		2BF6A259286EC4D40091B9D8 /* MetalView.swift */ = {isa = PBXFileReference; lastKnownFileType = sourcecode.swift; path = MetalView.swift; sourceTree = "<group>"; };
		2BF6A25B286EC5040091B9D8 /* Options.swift */ = {isa = PBXFileReference; lastKnownFileType = sourcecode.swift; path = Options.swift; sourceTree = "<group>"; };
		2BF6A25D286EC5460091B9D8 /* Renderer.swift */ = {isa = PBXFileReference; lastKnownFileType = sourcecode.swift; path = Renderer.swift; sourceTree = "<group>"; };
		2BF6A25F286EC56A0091B9D8 /* Model.swift */ = {isa = PBXFileReference; lastKnownFileType = sourcecode.swift; path = Model.swift; sourceTree = "<group>"; };
		2BF6A261286EC5880091B9D8 /* Transform.swift */ = {isa = PBXFileReference; lastKnownFileType = sourcecode.swift; path = Transform.swift; sourceTree = "<group>"; };
		2BF6A263286EC5B00091B9D8 /* VertexDescriptor.swift */ = {isa = PBXFileReference; lastKnownFileType = sourcecode.swift; path = VertexDescriptor.swift; sourceTree = "<group>"; };
		2BF6A265286EC5CF0091B9D8 /* Common.h */ = {isa = PBXFileReference; lastKnownFileType = sourcecode.c.h; path = Common.h; sourceTree = "<group>"; };
		2BF6A266286EC6990091B9D8 /* MathLibrary.swift */ = {isa = PBXFileReference; lastKnownFileType = sourcecode.swift; path = MathLibrary.swift; sourceTree = "<group>"; };
		2BF6A269286EC6C60091B9D8 /* Vertex.metal */ = {isa = PBXFileReference; lastKnownFileType = sourcecode.metal; path = Vertex.metal; sourceTree = "<group>"; };
		2BF6A26B286EC6D10091B9D8 /* Fragment.metal */ = {isa = PBXFileReference; lastKnownFileType = sourcecode.metal; path = Fragment.metal; sourceTree = "<group>"; };
		2BF6A26F286EC7A90091B9D8 /* train.usd */ = {isa = PBXFileReference; lastKnownFileType = file; path = train.usd; sourceTree = "<group>"; };
		2BF6A286286F08860091B9D8 /* CustomCore.h */ = {isa = PBXFileReference; lastKnownFileType = sourcecode.c.h; path = CustomCore.h; sourceTree = "<group>"; };
		2BF6A287286F0A7F0091B9D8 /* Mesh.swift */ = {isa = PBXFileReference; lastKnownFileType = sourcecode.swift; path = Mesh.swift; sourceTree = "<group>"; };
		2BF6A289286F0A8F0091B9D8 /* Submesh.swift */ = {isa = PBXFileReference; lastKnownFileType = sourcecode.swift; path = Submesh.swift; sourceTree = "<group>"; };
/* End PBXFileReference section */

/* Begin PBXFrameworksBuildPhase section */
		2BF6A23D286EC3DA0091B9D8 /* Frameworks */ = {
			isa = PBXFrameworksBuildPhase;
			buildActionMask = 2147483647;
			files = (
			);
			runOnlyForDeploymentPostprocessing = 0;
		};
/* End PBXFrameworksBuildPhase section */

/* Begin PBXGroup section */
		235DE9EF286F3115006709F3 /* Materials */ = {
			isa = PBXGroup;
			children = (
				235DE9F6286F49F9006709F3 /* plane.mtl */,
				235DE9ED286F30F8006709F3 /* lowpoly-house.mtl */,
			);
			path = Materials;
			sourceTree = "<group>";
		};
		2BF6A237286EC3DA0091B9D8 = {
			isa = PBXGroup;
			children = (
				2BF6A242286EC3DA0091B9D8 /* TinyMetalEngine */,
				2BF6A241286EC3DA0091B9D8 /* Products */,
			);
			sourceTree = "<group>";
		};
		2BF6A241286EC3DA0091B9D8 /* Products */ = {
			isa = PBXGroup;
			children = (
				2BF6A240286EC3DA0091B9D8 /* TinyMetalEngine.app */,
			);
			name = Products;
			sourceTree = "<group>";
		};
		2BF6A242286EC3DA0091B9D8 /* TinyMetalEngine */ = {
			isa = PBXGroup;
			children = (
				2BF6A258286EC4370091B9D8 /* UI */,
				2BF6A255286EC41A0091B9D8 /* Assets */,
				2BF6A254286EC40F0091B9D8 /* ShaderLibrary */,
				2BF6A253286EC4050091B9D8 /* Utility */,
				2BF6A252286EC3FA0091B9D8 /* Runtime */,
				2BF6A247286EC3DD0091B9D8 /* Assets.xcassets */,
				2BF6A24C286EC3DD0091B9D8 /* TinyMetalEngine.entitlements */,
				2BF6A249286EC3DD0091B9D8 /* Preview Content */,
			);
			path = TinyMetalEngine;
			sourceTree = "<group>";
		};
		2BF6A249286EC3DD0091B9D8 /* Preview Content */ = {
			isa = PBXGroup;
			children = (
				2BF6A24A286EC3DD0091B9D8 /* Preview Assets.xcassets */,
			);
			path = "Preview Content";
			sourceTree = "<group>";
		};
		2BF6A252286EC3FA0091B9D8 /* Runtime */ = {
			isa = PBXGroup;
			children = (
				2BF6A25D286EC5460091B9D8 /* Renderer.swift */,
				2BF6A25F286EC56A0091B9D8 /* Model.swift */,
				2BF6A261286EC5880091B9D8 /* Transform.swift */,
				2BF6A263286EC5B00091B9D8 /* VertexDescriptor.swift */,
				2BF6A287286F0A7F0091B9D8 /* Mesh.swift */,
				2BF6A289286F0A8F0091B9D8 /* Submesh.swift */,
				235DE9F0286F3B91006709F3 /* TextureController.swift */,
				235DE9FA286F588A006709F3 /* GameScene.swift */,
				235DE9FC286F5BC5006709F3 /* Camera.swift */,
			);
			path = Runtime;
			sourceTree = "<group>";
		};
		2BF6A253286EC4050091B9D8 /* Utility */ = {
			isa = PBXGroup;
			children = (
				2BF6A266286EC6990091B9D8 /* MathLibrary.swift */,
			);
			path = Utility;
			sourceTree = "<group>";
		};
		2BF6A254286EC40F0091B9D8 /* ShaderLibrary */ = {
			isa = PBXGroup;
			children = (
				2BF6A268286EC6B80091B9D8 /* Shaders */,
				2BF6A265286EC5CF0091B9D8 /* Common.h */,
				2BF6A286286F08860091B9D8 /* CustomCore.h */,
			);
			path = ShaderLibrary;
			sourceTree = "<group>";
		};
		2BF6A255286EC41A0091B9D8 /* Assets */ = {
			isa = PBXGroup;
			children = (
				235DE9EF286F3115006709F3 /* Materials */,
				2BF6A257286EC42B0091B9D8 /* Textures */,
				2BF6A256286EC4200091B9D8 /* Models */,
			);
			path = Assets;
			sourceTree = "<group>";
		};
		2BF6A256286EC4200091B9D8 /* Models */ = {
			isa = PBXGroup;
			children = (
				235DE9F2286F49E0006709F3 /* plane.obj */,
				235DE9E9286F30CD006709F3 /* lowpoly-house.obj */,
				2BF6A26F286EC7A90091B9D8 /* train.usd */,
			);
			path = Models;
			sourceTree = "<group>";
		};
		2BF6A257286EC42B0091B9D8 /* Textures */ = {
			isa = PBXGroup;
			children = (
				235DE9F8286F5372006709F3 /* Textures.xcassets */,
			);
			path = Textures;
			sourceTree = "<group>";
		};
		2BF6A258286EC4370091B9D8 /* UI */ = {
			isa = PBXGroup;
			children = (
				2BF6A243286EC3DA0091B9D8 /* TinyMetalEngineApp.swift */,
				2BF6A245286EC3DA0091B9D8 /* ContentView.swift */,
				2BF6A259286EC4D40091B9D8 /* MetalView.swift */,
				2BF6A25B286EC5040091B9D8 /* Options.swift */,
			);
			path = UI;
			sourceTree = "<group>";
		};
		2BF6A268286EC6B80091B9D8 /* Shaders */ = {
			isa = PBXGroup;
			children = (
				2BF6A269286EC6C60091B9D8 /* Vertex.metal */,
				2BF6A26B286EC6D10091B9D8 /* Fragment.metal */,
			);
			path = Shaders;
			sourceTree = "<group>";
		};
/* End PBXGroup section */

/* Begin PBXNativeTarget section */
		2BF6A23F286EC3DA0091B9D8 /* TinyMetalEngine */ = {
			isa = PBXNativeTarget;
			buildConfigurationList = 2BF6A24F286EC3DD0091B9D8 /* Build configuration list for PBXNativeTarget "TinyMetalEngine" */;
			buildPhases = (
				2BF6A23C286EC3DA0091B9D8 /* Sources */,
				2BF6A23D286EC3DA0091B9D8 /* Frameworks */,
				2BF6A23E286EC3DA0091B9D8 /* Resources */,
			);
			buildRules = (
			);
			dependencies = (
			);
			name = TinyMetalEngine;
			productName = TinyMetalEngine;
			productReference = 2BF6A240286EC3DA0091B9D8 /* TinyMetalEngine.app */;
			productType = "com.apple.product-type.application";
		};
/* End PBXNativeTarget section */

/* Begin PBXProject section */
		2BF6A238286EC3DA0091B9D8 /* Project object */ = {
			isa = PBXProject;
			attributes = {
				BuildIndependentTargetsInParallel = 1;
				LastSwiftUpdateCheck = 1340;
				LastUpgradeCheck = 1340;
				TargetAttributes = {
					2BF6A23F286EC3DA0091B9D8 = {
						CreatedOnToolsVersion = 13.4.1;
					};
				};
			};
			buildConfigurationList = 2BF6A23B286EC3DA0091B9D8 /* Build configuration list for PBXProject "TinyMetalEngine" */;
			compatibilityVersion = "Xcode 13.0";
			developmentRegion = en;
			hasScannedForEncodings = 0;
			knownRegions = (
				en,
				Base,
			);
			mainGroup = 2BF6A237286EC3DA0091B9D8;
			productRefGroup = 2BF6A241286EC3DA0091B9D8 /* Products */;
			projectDirPath = "";
			projectRoot = "";
			targets = (
				2BF6A23F286EC3DA0091B9D8 /* TinyMetalEngine */,
			);
		};
/* End PBXProject section */

/* Begin PBXResourcesBuildPhase section */
		2BF6A23E286EC3DA0091B9D8 /* Resources */ = {
			isa = PBXResourcesBuildPhase;
			buildActionMask = 2147483647;
			files = (
				2BF6A24B286EC3DD0091B9D8 /* Preview Assets.xcassets in Resources */,
				235DE9EE286F30F8006709F3 /* lowpoly-house.mtl in Resources */,
				235DE9F3286F49E0006709F3 /* plane.obj in Resources */,
				235DE9F9286F5372006709F3 /* Textures.xcassets in Resources */,
				235DE9F7286F49F9006709F3 /* plane.mtl in Resources */,
				235DE9EA286F30CD006709F3 /* lowpoly-house.obj in Resources */,
				2BF6A248286EC3DD0091B9D8 /* Assets.xcassets in Resources */,
				2BF6A270286EC7A90091B9D8 /* train.usd in Resources */,
			);
			runOnlyForDeploymentPostprocessing = 0;
		};
/* End PBXResourcesBuildPhase section */

/* Begin PBXSourcesBuildPhase section */
		2BF6A23C286EC3DA0091B9D8 /* Sources */ = {
			isa = PBXSourcesBuildPhase;
			buildActionMask = 2147483647;
			files = (
				235DE9FD286F5BC5006709F3 /* Camera.swift in Sources */,
				235DE9FB286F588A006709F3 /* GameScene.swift in Sources */,
				2BF6A25C286EC5040091B9D8 /* Options.swift in Sources */,
				2BF6A25A286EC4D40091B9D8 /* MetalView.swift in Sources */,
				2BF6A267286EC6990091B9D8 /* MathLibrary.swift in Sources */,
				2BF6A26C286EC6D10091B9D8 /* Fragment.metal in Sources */,
				2BF6A246286EC3DA0091B9D8 /* ContentView.swift in Sources */,
				235DE9F1286F3B91006709F3 /* TextureController.swift in Sources */,
				2BF6A262286EC5880091B9D8 /* Transform.swift in Sources */,
				2BF6A288286F0A7F0091B9D8 /* Mesh.swift in Sources */,
				2BF6A260286EC56A0091B9D8 /* Model.swift in Sources */,
				2BF6A25E286EC5460091B9D8 /* Renderer.swift in Sources */,
				2BF6A26A286EC6C60091B9D8 /* Vertex.metal in Sources */,
				2BF6A264286EC5B00091B9D8 /* VertexDescriptor.swift in Sources */,
				2BF6A244286EC3DA0091B9D8 /* TinyMetalEngineApp.swift in Sources */,
				2BF6A28A286F0A8F0091B9D8 /* Submesh.swift in Sources */,
			);
			runOnlyForDeploymentPostprocessing = 0;
		};
/* End PBXSourcesBuildPhase section */

/* Begin XCBuildConfiguration section */
		2BF6A24D286EC3DD0091B9D8 /* Debug */ = {
			isa = XCBuildConfiguration;
			buildSettings = {
				ALWAYS_SEARCH_USER_PATHS = NO;
				CLANG_ANALYZER_NONNULL = YES;
				CLANG_ANALYZER_NUMBER_OBJECT_CONVERSION = YES_AGGRESSIVE;
				CLANG_CXX_LANGUAGE_STANDARD = "gnu++17";
				CLANG_ENABLE_MODULES = YES;
				CLANG_ENABLE_OBJC_ARC = YES;
				CLANG_ENABLE_OBJC_WEAK = YES;
				CLANG_WARN_BLOCK_CAPTURE_AUTORELEASING = YES;
				CLANG_WARN_BOOL_CONVERSION = YES;
				CLANG_WARN_COMMA = YES;
				CLANG_WARN_CONSTANT_CONVERSION = YES;
				CLANG_WARN_DEPRECATED_OBJC_IMPLEMENTATIONS = YES;
				CLANG_WARN_DIRECT_OBJC_ISA_USAGE = YES_ERROR;
				CLANG_WARN_DOCUMENTATION_COMMENTS = YES;
				CLANG_WARN_EMPTY_BODY = YES;
				CLANG_WARN_ENUM_CONVERSION = YES;
				CLANG_WARN_INFINITE_RECURSION = YES;
				CLANG_WARN_INT_CONVERSION = YES;
				CLANG_WARN_NON_LITERAL_NULL_CONVERSION = YES;
				CLANG_WARN_OBJC_IMPLICIT_RETAIN_SELF = YES;
				CLANG_WARN_OBJC_LITERAL_CONVERSION = YES;
				CLANG_WARN_OBJC_ROOT_CLASS = YES_ERROR;
				CLANG_WARN_QUOTED_INCLUDE_IN_FRAMEWORK_HEADER = YES;
				CLANG_WARN_RANGE_LOOP_ANALYSIS = YES;
				CLANG_WARN_STRICT_PROTOTYPES = YES;
				CLANG_WARN_SUSPICIOUS_MOVE = YES;
				CLANG_WARN_UNGUARDED_AVAILABILITY = YES_AGGRESSIVE;
				CLANG_WARN_UNREACHABLE_CODE = YES;
				CLANG_WARN__DUPLICATE_METHOD_MATCH = YES;
				COPY_PHASE_STRIP = NO;
				DEBUG_INFORMATION_FORMAT = dwarf;
				ENABLE_STRICT_OBJC_MSGSEND = YES;
				ENABLE_TESTABILITY = YES;
				GCC_C_LANGUAGE_STANDARD = gnu11;
				GCC_DYNAMIC_NO_PIC = NO;
				GCC_NO_COMMON_BLOCKS = YES;
				GCC_OPTIMIZATION_LEVEL = 0;
				GCC_PREPROCESSOR_DEFINITIONS = (
					"DEBUG=1",
					"$(inherited)",
				);
				GCC_WARN_64_TO_32_BIT_CONVERSION = YES;
				GCC_WARN_ABOUT_RETURN_TYPE = YES_ERROR;
				GCC_WARN_UNDECLARED_SELECTOR = YES;
				GCC_WARN_UNINITIALIZED_AUTOS = YES_AGGRESSIVE;
				GCC_WARN_UNUSED_FUNCTION = YES;
				GCC_WARN_UNUSED_VARIABLE = YES;
				MACOSX_DEPLOYMENT_TARGET = 12.3;
				MTL_ENABLE_DEBUG_INFO = INCLUDE_SOURCE;
				MTL_FAST_MATH = YES;
				ONLY_ACTIVE_ARCH = YES;
				SDKROOT = macosx;
				SWIFT_ACTIVE_COMPILATION_CONDITIONS = DEBUG;
				SWIFT_OBJC_BRIDGING_HEADER = TinyMetalEngine/ShaderLibrary/Common.h;
				SWIFT_OPTIMIZATION_LEVEL = "-Onone";
			};
			name = Debug;
		};
		2BF6A24E286EC3DD0091B9D8 /* Release */ = {
			isa = XCBuildConfiguration;
			buildSettings = {
				ALWAYS_SEARCH_USER_PATHS = NO;
				CLANG_ANALYZER_NONNULL = YES;
				CLANG_ANALYZER_NUMBER_OBJECT_CONVERSION = YES_AGGRESSIVE;
				CLANG_CXX_LANGUAGE_STANDARD = "gnu++17";
				CLANG_ENABLE_MODULES = YES;
				CLANG_ENABLE_OBJC_ARC = YES;
				CLANG_ENABLE_OBJC_WEAK = YES;
				CLANG_WARN_BLOCK_CAPTURE_AUTORELEASING = YES;
				CLANG_WARN_BOOL_CONVERSION = YES;
				CLANG_WARN_COMMA = YES;
				CLANG_WARN_CONSTANT_CONVERSION = YES;
				CLANG_WARN_DEPRECATED_OBJC_IMPLEMENTATIONS = YES;
				CLANG_WARN_DIRECT_OBJC_ISA_USAGE = YES_ERROR;
				CLANG_WARN_DOCUMENTATION_COMMENTS = YES;
				CLANG_WARN_EMPTY_BODY = YES;
				CLANG_WARN_ENUM_CONVERSION = YES;
				CLANG_WARN_INFINITE_RECURSION = YES;
				CLANG_WARN_INT_CONVERSION = YES;
				CLANG_WARN_NON_LITERAL_NULL_CONVERSION = YES;
				CLANG_WARN_OBJC_IMPLICIT_RETAIN_SELF = YES;
				CLANG_WARN_OBJC_LITERAL_CONVERSION = YES;
				CLANG_WARN_OBJC_ROOT_CLASS = YES_ERROR;
				CLANG_WARN_QUOTED_INCLUDE_IN_FRAMEWORK_HEADER = YES;
				CLANG_WARN_RANGE_LOOP_ANALYSIS = YES;
				CLANG_WARN_STRICT_PROTOTYPES = YES;
				CLANG_WARN_SUSPICIOUS_MOVE = YES;
				CLANG_WARN_UNGUARDED_AVAILABILITY = YES_AGGRESSIVE;
				CLANG_WARN_UNREACHABLE_CODE = YES;
				CLANG_WARN__DUPLICATE_METHOD_MATCH = YES;
				COPY_PHASE_STRIP = NO;
				DEBUG_INFORMATION_FORMAT = "dwarf-with-dsym";
				ENABLE_NS_ASSERTIONS = NO;
				ENABLE_STRICT_OBJC_MSGSEND = YES;
				GCC_C_LANGUAGE_STANDARD = gnu11;
				GCC_NO_COMMON_BLOCKS = YES;
				GCC_WARN_64_TO_32_BIT_CONVERSION = YES;
				GCC_WARN_ABOUT_RETURN_TYPE = YES_ERROR;
				GCC_WARN_UNDECLARED_SELECTOR = YES;
				GCC_WARN_UNINITIALIZED_AUTOS = YES_AGGRESSIVE;
				GCC_WARN_UNUSED_FUNCTION = YES;
				GCC_WARN_UNUSED_VARIABLE = YES;
				MACOSX_DEPLOYMENT_TARGET = 12.3;
				MTL_ENABLE_DEBUG_INFO = NO;
				MTL_FAST_MATH = YES;
				SDKROOT = macosx;
				SWIFT_COMPILATION_MODE = wholemodule;
				SWIFT_OBJC_BRIDGING_HEADER = TinyMetalEngine/ShaderLibrary/Common.h;
				SWIFT_OPTIMIZATION_LEVEL = "-O";
			};
			name = Release;
		};
		2BF6A250286EC3DD0091B9D8 /* Debug */ = {
			isa = XCBuildConfiguration;
			buildSettings = {
				ASSETCATALOG_COMPILER_APPICON_NAME = AppIcon;
				ASSETCATALOG_COMPILER_GLOBAL_ACCENT_COLOR_NAME = AccentColor;
				CODE_SIGN_ENTITLEMENTS = TinyMetalEngine/TinyMetalEngine.entitlements;
				CODE_SIGN_STYLE = Automatic;
				COMBINE_HIDPI_IMAGES = YES;
				CURRENT_PROJECT_VERSION = 1;
				DEVELOPMENT_ASSET_PATHS = "\"TinyMetalEngine/Preview Content\"";
				DEVELOPMENT_TEAM = SJ36XKXSGA;
				ENABLE_HARDENED_RUNTIME = YES;
				ENABLE_PREVIEWS = YES;
				GENERATE_INFOPLIST_FILE = YES;
				INFOPLIST_KEY_NSHumanReadableCopyright = "";
				LD_RUNPATH_SEARCH_PATHS = (
					"$(inherited)",
					"@executable_path/../Frameworks",
				);
				MARKETING_VERSION = 1.0;
				PRODUCT_BUNDLE_IDENTIFIER = com.Reuben.TinyMetalEngine;
				PRODUCT_NAME = "$(TARGET_NAME)";
				SWIFT_EMIT_LOC_STRINGS = YES;
				SWIFT_VERSION = 5.0;
			};
			name = Debug;
		};
		2BF6A251286EC3DD0091B9D8 /* Release */ = {
			isa = XCBuildConfiguration;
			buildSettings = {
				ASSETCATALOG_COMPILER_APPICON_NAME = AppIcon;
				ASSETCATALOG_COMPILER_GLOBAL_ACCENT_COLOR_NAME = AccentColor;
				CODE_SIGN_ENTITLEMENTS = TinyMetalEngine/TinyMetalEngine.entitlements;
				CODE_SIGN_STYLE = Automatic;
				COMBINE_HIDPI_IMAGES = YES;
				CURRENT_PROJECT_VERSION = 1;
				DEVELOPMENT_ASSET_PATHS = "\"TinyMetalEngine/Preview Content\"";
				DEVELOPMENT_TEAM = SJ36XKXSGA;
				ENABLE_HARDENED_RUNTIME = YES;
				ENABLE_PREVIEWS = YES;
				GENERATE_INFOPLIST_FILE = YES;
				INFOPLIST_KEY_NSHumanReadableCopyright = "";
				LD_RUNPATH_SEARCH_PATHS = (
					"$(inherited)",
					"@executable_path/../Frameworks",
				);
				MARKETING_VERSION = 1.0;
				PRODUCT_BUNDLE_IDENTIFIER = com.Reuben.TinyMetalEngine;
				PRODUCT_NAME = "$(TARGET_NAME)";
				SWIFT_EMIT_LOC_STRINGS = YES;
				SWIFT_VERSION = 5.0;
			};
			name = Release;
		};
/* End XCBuildConfiguration section */

/* Begin XCConfigurationList section */
		2BF6A23B286EC3DA0091B9D8 /* Build configuration list for PBXProject "TinyMetalEngine" */ = {
			isa = XCConfigurationList;
			buildConfigurations = (
				2BF6A24D286EC3DD0091B9D8 /* Debug */,
				2BF6A24E286EC3DD0091B9D8 /* Release */,
			);
			defaultConfigurationIsVisible = 0;
			defaultConfigurationName = Release;
		};
		2BF6A24F286EC3DD0091B9D8 /* Build configuration list for PBXNativeTarget "TinyMetalEngine" */ = {
			isa = XCConfigurationList;
			buildConfigurations = (
				2BF6A250286EC3DD0091B9D8 /* Debug */,
				2BF6A251286EC3DD0091B9D8 /* Release */,
			);
			defaultConfigurationIsVisible = 0;
			defaultConfigurationName = Release;
		};
/* End XCConfigurationList section */
	};
	rootObject = 2BF6A238286EC3DA0091B9D8 /* Project object */;
}
